
Microsoft Visual Studio Solution File, Format Version 12.00
# Visual Studio Express 15 for Windows Desktop
VisualStudioVersion = 15.0.28307.902
MinimumVisualStudioVersion = 10.0.40219.1
Project("{FAE04EC0-301F-11D3-BF4B-00C04F79EFBC}") = "SqlDependecy", "SqlDependecy\SqlDependecy.csproj", "{AAB780EC-47E3-4437-8E94-C818C38EE1AF}"
EndProject
Project("{FAE04EC0-301F-11D3-BF4B-00C04F79EFBC}") = "Data", "Data\Data.csproj", "{0F06628A-735D-42D6-8FF6-4D60EB17775C}"
EndProject
Project("{FAE04EC0-301F-11D3-BF4B-00C04F79EFBC}") = "FileWatcher", "FileSystemWatcher\FileWatcher.csproj", "{DD42FEDA-4156-4554-B2B8-F4A48235215B}"
EndProject
Global
	GlobalSection(SolutionConfigurationPlatforms) = preSolution
		Debug|Any CPU = Debug|Any CPU
		Release|Any CPU = Release|Any CPU
	EndGlobalSection
	GlobalSection(ProjectConfigurationPlatforms) = postSolution
		{AAB780EC-47E3-4437-8E94-C818C38EE1AF}.Debug|Any CPU.ActiveCfg = Debug|Any CPU
		{AAB780EC-47E3-4437-8E94-C818C38EE1AF}.Debug|Any CPU.Build.0 = Debug|Any CPU
		{AAB780EC-47E3-4437-8E94-C818C38EE1AF}.Release|Any CPU.ActiveCfg = Release|Any CPU
		{AAB780EC-47E3-4437-8E94-C818C38EE1AF}.Release|Any CPU.Build.0 = Release|Any CPU
		{0F06628A-735D-42D6-8FF6-4D60EB17775C}.Debug|Any CPU.ActiveCfg = Debug|Any CPU
		{0F06628A-735D-42D6-8FF6-4D60EB17775C}.Debug|Any CPU.Build.0 = Debug|Any CPU
		{0F06628A-735D-42D6-8FF6-4D60EB17775C}.Release|Any CPU.ActiveCfg = Release|Any CPU
		{0F06628A-735D-42D6-8FF6-4D60EB17775C}.Release|Any CPU.Build.0 = Release|Any CPU
		{DD42FEDA-4156-4554-B2B8-F4A48235215B}.Debug|Any CPU.ActiveCfg = Debug|Any CPU
		{DD42FEDA-4156-4554-B2B8-F4A48235215B}.Debug|Any CPU.Build.0 = Debug|Any CPU
		{DD42FEDA-4156-4554-B2B8-F4A48235215B}.Release|Any CPU.ActiveCfg = Release|Any CPU
		{DD42FEDA-4156-4554-B2B8-F4A48235215B}.Release|Any CPU.Build.0 = Release|Any CPU
	EndGlobalSection
	GlobalSection(SolutionProperties) = preSolution
		HideSolutionNode = FALSE
	EndGlobalSection
	GlobalSection(ExtensibilityGlobals) = postSolution
		SolutionGuid = {B89CB861-5BCA-4FCE-89BE-451713DA54F1}
	EndGlobalSection
EndGlobal
