
Microsoft Visual Studio Solution File, Format Version 12.00
# Visual Studio 15
VisualStudioVersion = 15.0.28307.960
MinimumVisualStudioVersion = 10.0.40219.1
Project("{FAE04EC0-301F-11D3-BF4B-00C04F79EFBC}") = "Presentation", "Presentation\Presentation.csproj", "{71F9D7AD-42B2-4A94-A7A1-9F50E9A877FE}"
EndProject
Project("{FAE04EC0-301F-11D3-BF4B-00C04F79EFBC}") = "Data", "Data\Data.csproj", "{920E1E90-232D-4BD5-B0B8-B67FEB4ACB1C}"
EndProject
Project("{FAE04EC0-301F-11D3-BF4B-00C04F79EFBC}") = "Entities", "Entities\Entities.csproj", "{BDC0DAC2-7C2F-4CAB-A187-DBD889B0A769}"
EndProject
Project("{FAE04EC0-301F-11D3-BF4B-00C04F79EFBC}") = "Business", "Business\Business.csproj", "{2E4657F3-AEAD-4A95-A8E4-A7FC77CFD24F}"
EndProject
Global
	GlobalSection(SolutionConfigurationPlatforms) = preSolution
		Debug|Any CPU = Debug|Any CPU
		Release|Any CPU = Release|Any CPU
	EndGlobalSection
	GlobalSection(ProjectConfigurationPlatforms) = postSolution
		{71F9D7AD-42B2-4A94-A7A1-9F50E9A877FE}.Debug|Any CPU.ActiveCfg = Debug|Any CPU
		{71F9D7AD-42B2-4A94-A7A1-9F50E9A877FE}.Debug|Any CPU.Build.0 = Debug|Any CPU
		{71F9D7AD-42B2-4A94-A7A1-9F50E9A877FE}.Release|Any CPU.ActiveCfg = Release|Any CPU
		{71F9D7AD-42B2-4A94-A7A1-9F50E9A877FE}.Release|Any CPU.Build.0 = Release|Any CPU
		{920E1E90-232D-4BD5-B0B8-B67FEB4ACB1C}.Debug|Any CPU.ActiveCfg = Debug|Any CPU
		{920E1E90-232D-4BD5-B0B8-B67FEB4ACB1C}.Debug|Any CPU.Build.0 = Debug|Any CPU
		{920E1E90-232D-4BD5-B0B8-B67FEB4ACB1C}.Release|Any CPU.ActiveCfg = Release|Any CPU
		{920E1E90-232D-4BD5-B0B8-B67FEB4ACB1C}.Release|Any CPU.Build.0 = Release|Any CPU
		{BDC0DAC2-7C2F-4CAB-A187-DBD889B0A769}.Debug|Any CPU.ActiveCfg = Debug|Any CPU
		{BDC0DAC2-7C2F-4CAB-A187-DBD889B0A769}.Debug|Any CPU.Build.0 = Debug|Any CPU
		{BDC0DAC2-7C2F-4CAB-A187-DBD889B0A769}.Release|Any CPU.ActiveCfg = Release|Any CPU
		{BDC0DAC2-7C2F-4CAB-A187-DBD889B0A769}.Release|Any CPU.Build.0 = Release|Any CPU
		{2E4657F3-AEAD-4A95-A8E4-A7FC77CFD24F}.Debug|Any CPU.ActiveCfg = Debug|Any CPU
		{2E4657F3-AEAD-4A95-A8E4-A7FC77CFD24F}.Debug|Any CPU.Build.0 = Debug|Any CPU
		{2E4657F3-AEAD-4A95-A8E4-A7FC77CFD24F}.Release|Any CPU.ActiveCfg = Release|Any CPU
		{2E4657F3-AEAD-4A95-A8E4-A7FC77CFD24F}.Release|Any CPU.Build.0 = Release|Any CPU
	EndGlobalSection
	GlobalSection(SolutionProperties) = preSolution
		HideSolutionNode = FALSE
	EndGlobalSection
	GlobalSection(ExtensibilityGlobals) = postSolution
		SolutionGuid = {19886148-1939-41FD-854D-4CD854E6E6C8}
	EndGlobalSection
EndGlobal
